Microsoft Visual Studio Solution File, Format Version 12.00
# Visual Studio 2012
Project("{FAE04EC0-301F-11D3-BF4B-00C04F79EFBC}") = "FocalPoint", "FocalPoint\FocalPoint.csproj", "{5E4EBACD-299C-4231-8E81-27BB38E7DE94}"
EndProject
Project("{FAE04EC0-301F-11D3-BF4B-00C04F79EFBC}") = "FocalPoint.Tests", "FocalPoint.Tests\FocalPoint.Tests.csproj", "{3F60C897-8C8B-4506-B5F3-5C6E90E73EC8}"
EndProject
Project("{FAE04EC0-301F-11D3-BF4B-00C04F79EFBC}") = "FocalPoint.Lync2013Plugin", "Lync2013Plugin\FocalPoint.Lync2013Plugin\FocalPoint.Lync2013Plugin.csproj", "{FE8361AD-9CD8-48C3-BCAA-970C510A66C2}"
EndProject
Project("{FAE04EC0-301F-11D3-BF4B-00C04F79EFBC}") = "FocalPoint.SDK", "FocalPoint.SDK\FocalPoint.SDK.csproj", "{FA253458-6CA2-46DE-B0D9-04C262804850}"
EndProject
Project("{2150E333-8FDC-42A3-9474-1A3956D46DE8}") = ".nuget", ".nuget", "{36F74448-852D-47B4-B81B-1C3E8D6A0EE7}"
	ProjectSection(SolutionItems) = preProject
		.nuget\NuGet.Config = .nuget\NuGet.Config
		.nuget\NuGet.exe = .nuget\NuGet.exe
		.nuget\NuGet.targets = .nuget\NuGet.targets
	EndProjectSection
EndProject
Project("{930C7802-8A8C-48F9-8165-68863BCCD9DD}") = "MSI", "MSI\MSI.wixproj", "{6FE270BD-4FD3-4A40-8BA2-3C96541885EB}"
EndProject
Project("{930C7802-8A8C-48F9-8165-68863BCCD9DD}") = "Installer", "Installer\Installer.wixproj", "{F4DC9ECA-0176-4E01-816E-2CA336461B2F}"
EndProject
Global
	GlobalSection(SolutionConfigurationPlatforms) = preSolution
		Debug|Any CPU = Debug|Any CPU
		Debug|Mixed Platforms = Debug|Mixed Platforms
		Debug|x86 = Debug|x86
		Release|Any CPU = Release|Any CPU
		Release|Mixed Platforms = Release|Mixed Platforms
		Release|x86 = Release|x86
	EndGlobalSection
	GlobalSection(ProjectConfigurationPlatforms) = postSolution
		{5E4EBACD-299C-4231-8E81-27BB38E7DE94}.Debug|Any CPU.ActiveCfg = Debug|Any CPU
		{5E4EBACD-299C-4231-8E81-27BB38E7DE94}.Debug|Any CPU.Build.0 = Debug|Any CPU
		{5E4EBACD-299C-4231-8E81-27BB38E7DE94}.Debug|Mixed Platforms.ActiveCfg = Debug|Any CPU
		{5E4EBACD-299C-4231-8E81-27BB38E7DE94}.Debug|Mixed Platforms.Build.0 = Debug|Any CPU
		{5E4EBACD-299C-4231-8E81-27BB38E7DE94}.Debug|x86.ActiveCfg = Debug|Any CPU
		{5E4EBACD-299C-4231-8E81-27BB38E7DE94}.Release|Any CPU.ActiveCfg = Release|Any CPU
		{5E4EBACD-299C-4231-8E81-27BB38E7DE94}.Release|Any CPU.Build.0 = Release|Any CPU
		{5E4EBACD-299C-4231-8E81-27BB38E7DE94}.Release|Mixed Platforms.ActiveCfg = Release|Any CPU
		{5E4EBACD-299C-4231-8E81-27BB38E7DE94}.Release|Mixed Platforms.Build.0 = Release|Any CPU
		{5E4EBACD-299C-4231-8E81-27BB38E7DE94}.Release|x86.ActiveCfg = Release|Any CPU
		{3F60C897-8C8B-4506-B5F3-5C6E90E73EC8}.Debug|Any CPU.ActiveCfg = Debug|Any CPU
		{3F60C897-8C8B-4506-B5F3-5C6E90E73EC8}.Debug|Any CPU.Build.0 = Debug|Any CPU
		{3F60C897-8C8B-4506-B5F3-5C6E90E73EC8}.Debug|Mixed Platforms.ActiveCfg = Debug|Any CPU
		{3F60C897-8C8B-4506-B5F3-5C6E90E73EC8}.Debug|Mixed Platforms.Build.0 = Debug|Any CPU
		{3F60C897-8C8B-4506-B5F3-5C6E90E73EC8}.Debug|x86.ActiveCfg = Debug|Any CPU
		{3F60C897-8C8B-4506-B5F3-5C6E90E73EC8}.Release|Any CPU.ActiveCfg = Release|Any CPU
		{3F60C897-8C8B-4506-B5F3-5C6E90E73EC8}.Release|Any CPU.Build.0 = Release|Any CPU
		{3F60C897-8C8B-4506-B5F3-5C6E90E73EC8}.Release|Mixed Platforms.ActiveCfg = Release|Any CPU
		{3F60C897-8C8B-4506-B5F3-5C6E90E73EC8}.Release|Mixed Platforms.Build.0 = Release|Any CPU
		{3F60C897-8C8B-4506-B5F3-5C6E90E73EC8}.Release|x86.ActiveCfg = Release|Any CPU
		{FE8361AD-9CD8-48C3-BCAA-970C510A66C2}.Debug|Any CPU.ActiveCfg = Debug|Any CPU
		{FE8361AD-9CD8-48C3-BCAA-970C510A66C2}.Debug|Any CPU.Build.0 = Debug|Any CPU
		{FE8361AD-9CD8-48C3-BCAA-970C510A66C2}.Debug|Mixed Platforms.ActiveCfg = Debug|Any CPU
		{FE8361AD-9CD8-48C3-BCAA-970C510A66C2}.Debug|Mixed Platforms.Build.0 = Debug|Any CPU
		{FE8361AD-9CD8-48C3-BCAA-970C510A66C2}.Debug|x86.ActiveCfg = Debug|Any CPU
		{FE8361AD-9CD8-48C3-BCAA-970C510A66C2}.Release|Any CPU.ActiveCfg = Release|Any CPU
		{FE8361AD-9CD8-48C3-BCAA-970C510A66C2}.Release|Any CPU.Build.0 = Release|Any CPU
		{FE8361AD-9CD8-48C3-BCAA-970C510A66C2}.Release|Mixed Platforms.ActiveCfg = Release|Any CPU
		{FE8361AD-9CD8-48C3-BCAA-970C510A66C2}.Release|Mixed Platforms.Build.0 = Release|Any CPU
		{FE8361AD-9CD8-48C3-BCAA-970C510A66C2}.Release|x86.ActiveCfg = Release|Any CPU
		{FA253458-6CA2-46DE-B0D9-04C262804850}.Debug|Any CPU.ActiveCfg = Debug|Any CPU
		{FA253458-6CA2-46DE-B0D9-04C262804850}.Debug|Any CPU.Build.0 = Debug|Any CPU
		{FA253458-6CA2-46DE-B0D9-04C262804850}.Debug|Mixed Platforms.ActiveCfg = Debug|Any CPU
		{FA253458-6CA2-46DE-B0D9-04C262804850}.Debug|Mixed Platforms.Build.0 = Debug|Any CPU
		{FA253458-6CA2-46DE-B0D9-04C262804850}.Debug|x86.ActiveCfg = Debug|Any CPU
		{FA253458-6CA2-46DE-B0D9-04C262804850}.Release|Any CPU.ActiveCfg = Release|Any CPU
		{FA253458-6CA2-46DE-B0D9-04C262804850}.Release|Any CPU.Build.0 = Release|Any CPU
		{FA253458-6CA2-46DE-B0D9-04C262804850}.Release|Mixed Platforms.ActiveCfg = Release|Any CPU
		{FA253458-6CA2-46DE-B0D9-04C262804850}.Release|Mixed Platforms.Build.0 = Release|Any CPU
		{FA253458-6CA2-46DE-B0D9-04C262804850}.Release|x86.ActiveCfg = Release|Any CPU
		{6FE270BD-4FD3-4A40-8BA2-3C96541885EB}.Debug|Any CPU.ActiveCfg = Debug|x86
		{6FE270BD-4FD3-4A40-8BA2-3C96541885EB}.Debug|Mixed Platforms.ActiveCfg = Debug|x86
		{6FE270BD-4FD3-4A40-8BA2-3C96541885EB}.Debug|Mixed Platforms.Build.0 = Debug|x86
		{6FE270BD-4FD3-4A40-8BA2-3C96541885EB}.Debug|x86.ActiveCfg = Debug|x86
		{6FE270BD-4FD3-4A40-8BA2-3C96541885EB}.Debug|x86.Build.0 = Debug|x86
		{6FE270BD-4FD3-4A40-8BA2-3C96541885EB}.Release|Any CPU.ActiveCfg = Release|x86
		{6FE270BD-4FD3-4A40-8BA2-3C96541885EB}.Release|Mixed Platforms.ActiveCfg = Release|x86
		{6FE270BD-4FD3-4A40-8BA2-3C96541885EB}.Release|Mixed Platforms.Build.0 = Release|x86
		{6FE270BD-4FD3-4A40-8BA2-3C96541885EB}.Release|x86.ActiveCfg = Release|x86
		{6FE270BD-4FD3-4A40-8BA2-3C96541885EB}.Release|x86.Build.0 = Release|x86
		{F4DC9ECA-0176-4E01-816E-2CA336461B2F}.Debug|Any CPU.ActiveCfg = Debug|x86
		{F4DC9ECA-0176-4E01-816E-2CA336461B2F}.Debug|Mixed Platforms.ActiveCfg = Debug|x86
		{F4DC9ECA-0176-4E01-816E-2CA336461B2F}.Debug|Mixed Platforms.Build.0 = Debug|x86
		{F4DC9ECA-0176-4E01-816E-2CA336461B2F}.Debug|x86.ActiveCfg = Debug|x86
		{F4DC9ECA-0176-4E01-816E-2CA336461B2F}.Debug|x86.Build.0 = Debug|x86
		{F4DC9ECA-0176-4E01-816E-2CA336461B2F}.Release|Any CPU.ActiveCfg = Release|x86
		{F4DC9ECA-0176-4E01-816E-2CA336461B2F}.Release|Mixed Platforms.ActiveCfg = Release|x86
		{F4DC9ECA-0176-4E01-816E-2CA336461B2F}.Release|Mixed Platforms.Build.0 = Release|x86
		{F4DC9ECA-0176-4E01-816E-2CA336461B2F}.Release|x86.ActiveCfg = Release|x86
		{F4DC9ECA-0176-4E01-816E-2CA336461B2F}.Release|x86.Build.0 = Release|x86
	EndGlobalSection
	GlobalSection(SolutionProperties) = preSolution
		HideSolutionNode = FALSE
	EndGlobalSection
EndGlobal
